schema: '2.0'
stages:
  split:
    cmd: python src/split_dataset.py data/raw/dataset.csv 0.3 1234 data/interim
    deps:
    - path: data/raw/dataset.csv
      hash: md5
      md5: 73c9675a4b3d09f86a6933d0b8d7d908
      size: 245086152
    - path: src/split_dataset.py
      hash: md5
      md5: 84e2e523f0aa22c0c63b02793fd37dad
      size: 1903
    outs:
    - path: data/interim/test.csv
      hash: md5
      md5: 4a78f58b7876f49487025c43c0ad6d5d
      size: 70360531
    - path: data/interim/train.csv
      hash: md5
      md5: 7a57ed7239b68e79f9a66f0e3bd25870
      size: 164374172
  featurize:
    cmd: python src/featurization.py data/interim/train.csv 
      data/interim/test.csv data/processed models/vectorizer.pkl sbert
    deps:
    - path: data/interim/test.csv
      hash: md5
      md5: 4a78f58b7876f49487025c43c0ad6d5d
      size: 70360531
    - path: data/interim/train.csv
      hash: md5
      md5: 7a57ed7239b68e79f9a66f0e3bd25870
      size: 164374172
    - path: src/featurization.py
      hash: md5
      md5: 16ea4f2cc165aee5c4c0511c0542e98e
      size: 2854
    outs:
    - path: data/processed/test.pkl
      hash: md5
      md5: 406def90cdfe4e23e5e5bccf7e24053d
      size: 33051106
    - path: data/processed/train.pkl
      hash: md5
      md5: b0722bc30be1c43f659a19c130ee5390
      size: 77115322
    - path: models/vectorizer.pkl
      hash: md5
      md5: 6978968ef700c935a1cdc495816a9114
      size: 91780900
  train:
    cmd: python src/train.py data/processed/train.pkl models/model.pkl 1234 nn
    deps:
    - path: data/processed/train.pkl
      hash: md5
      md5: b0722bc30be1c43f659a19c130ee5390
      size: 77115322
    - path: src/train.py
      hash: md5
      md5: 4d7fb7a307b6ede66824a56f3bd06e95
      size: 3042
    outs:
    - path: models/model.pkl
      hash: md5
      md5: 0dd20e4895fcf3731610b4781de551d0
      size: 529437
  evaluate:
    cmd: python src/evaluation.py nn models/model.pkl data/processed/test.pkl 
      metrics/metrics.json
    deps:
    - path: data/processed/test.pkl
      hash: md5
      md5: 406def90cdfe4e23e5e5bccf7e24053d
      size: 33051106
    - path: models/model.pkl
      hash: md5
      md5: 0dd20e4895fcf3731610b4781de551d0
      size: 529437
    - path: src/evaluation.py
      hash: md5
      md5: a5a0909e6d16d0589afd4312e7f41e65
      size: 2702
    outs:
    - path: metrics/metrics.json
      hash: md5
      md5: e2eed7e84fc7e3fa29671bfadbf18ff6
      size: 135
